
Microsoft Visual Studio Solution File, Format Version 12.00
# Visual Studio Version 16
VisualStudioVersion = 16.0.31019.35
MinimumVisualStudioVersion = 10.0.40219.1
Project("{FAE04EC0-301F-11D3-BF4B-00C04F79EFBC}") = "Inventario", "Inventario\Inventario.csproj", "{713CE3EF-1A5E-4BDB-832C-E3A59298F0D1}"
EndProject
Project("{FAE04EC0-301F-11D3-BF4B-00C04F79EFBC}") = "Datos", "Datos\Datos.csproj", "{7963F321-F754-4FA7-9955-C7FB9609E29D}"
EndProject
Project("{FAE04EC0-301F-11D3-BF4B-00C04F79EFBC}") = "Modelos", "Modelos\Modelos.csproj", "{C894E4C8-6155-4F5B-BD66-EFFE2257E605}"
EndProject
Global
	GlobalSection(SolutionConfigurationPlatforms) = preSolution
		Debug|Any CPU = Debug|Any CPU
		Release|Any CPU = Release|Any CPU
	EndGlobalSection
	GlobalSection(ProjectConfigurationPlatforms) = postSolution
		{713CE3EF-1A5E-4BDB-832C-E3A59298F0D1}.Debug|Any CPU.ActiveCfg = Debug|Any CPU
		{713CE3EF-1A5E-4BDB-832C-E3A59298F0D1}.Debug|Any CPU.Build.0 = Debug|Any CPU
		{713CE3EF-1A5E-4BDB-832C-E3A59298F0D1}.Release|Any CPU.ActiveCfg = Release|Any CPU
		{713CE3EF-1A5E-4BDB-832C-E3A59298F0D1}.Release|Any CPU.Build.0 = Release|Any CPU
		{7963F321-F754-4FA7-9955-C7FB9609E29D}.Debug|Any CPU.ActiveCfg = Debug|Any CPU
		{7963F321-F754-4FA7-9955-C7FB9609E29D}.Debug|Any CPU.Build.0 = Debug|Any CPU
		{7963F321-F754-4FA7-9955-C7FB9609E29D}.Release|Any CPU.ActiveCfg = Release|Any CPU
		{7963F321-F754-4FA7-9955-C7FB9609E29D}.Release|Any CPU.Build.0 = Release|Any CPU
		{C894E4C8-6155-4F5B-BD66-EFFE2257E605}.Debug|Any CPU.ActiveCfg = Debug|Any CPU
		{C894E4C8-6155-4F5B-BD66-EFFE2257E605}.Debug|Any CPU.Build.0 = Debug|Any CPU
		{C894E4C8-6155-4F5B-BD66-EFFE2257E605}.Release|Any CPU.ActiveCfg = Release|Any CPU
		{C894E4C8-6155-4F5B-BD66-EFFE2257E605}.Release|Any CPU.Build.0 = Release|Any CPU
	EndGlobalSection
	GlobalSection(SolutionProperties) = preSolution
		HideSolutionNode = FALSE
	EndGlobalSection
	GlobalSection(ExtensibilityGlobals) = postSolution
		SolutionGuid = {5C39B144-5A34-4C2E-A161-8CFD3BBF8905}
	EndGlobalSection
EndGlobal
